
Microsoft Visual Studio Solution File, Format Version 12.00
# Visual Studio 15
VisualStudioVersion = 15.0.28010.2026
MinimumVisualStudioVersion = 10.0.40219.1
Project("{9A19103F-16F7-4668-BE54-9A1E7A4F7556}") = "01. Url Decode", "HTTP-Protocol-Exercises\01. Url Decode.csproj", "{A391E99C-1286-4980-B518-B30E8C611145}"
EndProject
Project("{FAE04EC0-301F-11D3-BF4B-00C04F79EFBC}") = "02. Validate Url", "02. Validate Url\02. Validate Url.csproj", "{18649E8E-2703-4711-B931-3AA3201E7E95}"
EndProject
Project("{FAE04EC0-301F-11D3-BF4B-00C04F79EFBC}") = "03. Request Parser", "03. Request Parser\03. Request Parser.csproj", "{7E7DCA3A-611B-49AF-B5F7-9A659EAB4D4B}"
EndProject
Global
	GlobalSection(SolutionConfigurationPlatforms) = preSolution
		Debug|Any CPU = Debug|Any CPU
		Release|Any CPU = Release|Any CPU
	EndGlobalSection
	GlobalSection(ProjectConfigurationPlatforms) = postSolution
		{A391E99C-1286-4980-B518-B30E8C611145}.Debug|Any CPU.ActiveCfg = Debug|Any CPU
		{A391E99C-1286-4980-B518-B30E8C611145}.Debug|Any CPU.Build.0 = Debug|Any CPU
		{A391E99C-1286-4980-B518-B30E8C611145}.Release|Any CPU.ActiveCfg = Release|Any CPU
		{A391E99C-1286-4980-B518-B30E8C611145}.Release|Any CPU.Build.0 = Release|Any CPU
		{18649E8E-2703-4711-B931-3AA3201E7E95}.Debug|Any CPU.ActiveCfg = Debug|Any CPU
		{18649E8E-2703-4711-B931-3AA3201E7E95}.Debug|Any CPU.Build.0 = Debug|Any CPU
		{18649E8E-2703-4711-B931-3AA3201E7E95}.Release|Any CPU.ActiveCfg = Release|Any CPU
		{18649E8E-2703-4711-B931-3AA3201E7E95}.Release|Any CPU.Build.0 = Release|Any CPU
		{7E7DCA3A-611B-49AF-B5F7-9A659EAB4D4B}.Debug|Any CPU.ActiveCfg = Debug|Any CPU
		{7E7DCA3A-611B-49AF-B5F7-9A659EAB4D4B}.Debug|Any CPU.Build.0 = Debug|Any CPU
		{7E7DCA3A-611B-49AF-B5F7-9A659EAB4D4B}.Release|Any CPU.ActiveCfg = Release|Any CPU
		{7E7DCA3A-611B-49AF-B5F7-9A659EAB4D4B}.Release|Any CPU.Build.0 = Release|Any CPU
	EndGlobalSection
	GlobalSection(SolutionProperties) = preSolution
		HideSolutionNode = FALSE
	EndGlobalSection
	GlobalSection(ExtensibilityGlobals) = postSolution
		SolutionGuid = {4CAD181C-5C45-47AA-AAC5-A914DE984BA4}
	EndGlobalSection
EndGlobal
